
Microsoft Visual Studio Solution File, Format Version 12.00
# Visual Studio Version 16
VisualStudioVersion = 16.0.30114.105
MinimumVisualStudioVersion = 10.0.40219.1
Project("{9A19103F-16F7-4668-BE54-9A1E7A4F7556}") = "IISManager.Commands", "IISManager.Commands\IISManager.Commands.csproj", "{FE9DD56F-4CF7-41F2-896A-6C00F63DBA2D}"
EndProject
Project("{9A19103F-16F7-4668-BE54-9A1E7A4F7556}") = "IISManager.Core", "IISManager.Core\IISManager.Core.csproj", "{60E1E279-1532-4BB5-8F62-1C8C6073005B}"
EndProject
Project("{9A19103F-16F7-4668-BE54-9A1E7A4F7556}") = "IISManager.WebApi", "IISManager.WebApi\IISManager.WebApi.csproj", "{4EBBF6A4-D8A4-4AA4-8B14-1AD9E6DF6E91}"
EndProject
Project("{9A19103F-16F7-4668-BE54-9A1E7A4F7556}") = "IISManager.Core.Tests", "IISManager.Core.Tests\IISManager.Core.Tests.csproj", "{7A0C8D67-231C-48A4-B304-CD56F23A00E0}"
EndProject
Global
	GlobalSection(SolutionConfigurationPlatforms) = preSolution
		Debug|Any CPU = Debug|Any CPU
		Debug|x64 = Debug|x64
		Debug|x86 = Debug|x86
		Release|Any CPU = Release|Any CPU
		Release|x64 = Release|x64
		Release|x86 = Release|x86
	EndGlobalSection
	GlobalSection(ProjectConfigurationPlatforms) = postSolution
		{FE9DD56F-4CF7-41F2-896A-6C00F63DBA2D}.Debug|Any CPU.ActiveCfg = Debug|Any CPU
		{FE9DD56F-4CF7-41F2-896A-6C00F63DBA2D}.Debug|Any CPU.Build.0 = Debug|Any CPU
		{FE9DD56F-4CF7-41F2-896A-6C00F63DBA2D}.Debug|x64.ActiveCfg = Debug|Any CPU
		{FE9DD56F-4CF7-41F2-896A-6C00F63DBA2D}.Debug|x64.Build.0 = Debug|Any CPU
		{FE9DD56F-4CF7-41F2-896A-6C00F63DBA2D}.Debug|x86.ActiveCfg = Debug|Any CPU
		{FE9DD56F-4CF7-41F2-896A-6C00F63DBA2D}.Debug|x86.Build.0 = Debug|Any CPU
		{FE9DD56F-4CF7-41F2-896A-6C00F63DBA2D}.Release|Any CPU.ActiveCfg = Release|Any CPU
		{FE9DD56F-4CF7-41F2-896A-6C00F63DBA2D}.Release|Any CPU.Build.0 = Release|Any CPU
		{FE9DD56F-4CF7-41F2-896A-6C00F63DBA2D}.Release|x64.ActiveCfg = Release|Any CPU
		{FE9DD56F-4CF7-41F2-896A-6C00F63DBA2D}.Release|x64.Build.0 = Release|Any CPU
		{FE9DD56F-4CF7-41F2-896A-6C00F63DBA2D}.Release|x86.ActiveCfg = Release|Any CPU
		{FE9DD56F-4CF7-41F2-896A-6C00F63DBA2D}.Release|x86.Build.0 = Release|Any CPU
		{60E1E279-1532-4BB5-8F62-1C8C6073005B}.Debug|Any CPU.ActiveCfg = Debug|Any CPU
		{60E1E279-1532-4BB5-8F62-1C8C6073005B}.Debug|Any CPU.Build.0 = Debug|Any CPU
		{60E1E279-1532-4BB5-8F62-1C8C6073005B}.Debug|x64.ActiveCfg = Debug|Any CPU
		{60E1E279-1532-4BB5-8F62-1C8C6073005B}.Debug|x64.Build.0 = Debug|Any CPU
		{60E1E279-1532-4BB5-8F62-1C8C6073005B}.Debug|x86.ActiveCfg = Debug|Any CPU
		{60E1E279-1532-4BB5-8F62-1C8C6073005B}.Debug|x86.Build.0 = Debug|Any CPU
		{60E1E279-1532-4BB5-8F62-1C8C6073005B}.Release|Any CPU.ActiveCfg = Release|Any CPU
		{60E1E279-1532-4BB5-8F62-1C8C6073005B}.Release|Any CPU.Build.0 = Release|Any CPU
		{60E1E279-1532-4BB5-8F62-1C8C6073005B}.Release|x64.ActiveCfg = Release|Any CPU
		{60E1E279-1532-4BB5-8F62-1C8C6073005B}.Release|x64.Build.0 = Release|Any CPU
		{60E1E279-1532-4BB5-8F62-1C8C6073005B}.Release|x86.ActiveCfg = Release|Any CPU
		{60E1E279-1532-4BB5-8F62-1C8C6073005B}.Release|x86.Build.0 = Release|Any CPU
		{4EBBF6A4-D8A4-4AA4-8B14-1AD9E6DF6E91}.Debug|Any CPU.ActiveCfg = Debug|Any CPU
		{4EBBF6A4-D8A4-4AA4-8B14-1AD9E6DF6E91}.Debug|Any CPU.Build.0 = Debug|Any CPU
		{4EBBF6A4-D8A4-4AA4-8B14-1AD9E6DF6E91}.Debug|x64.ActiveCfg = Debug|Any CPU
		{4EBBF6A4-D8A4-4AA4-8B14-1AD9E6DF6E91}.Debug|x64.Build.0 = Debug|Any CPU
		{4EBBF6A4-D8A4-4AA4-8B14-1AD9E6DF6E91}.Debug|x86.ActiveCfg = Debug|Any CPU
		{4EBBF6A4-D8A4-4AA4-8B14-1AD9E6DF6E91}.Debug|x86.Build.0 = Debug|Any CPU
		{4EBBF6A4-D8A4-4AA4-8B14-1AD9E6DF6E91}.Release|Any CPU.ActiveCfg = Release|Any CPU
		{4EBBF6A4-D8A4-4AA4-8B14-1AD9E6DF6E91}.Release|Any CPU.Build.0 = Release|Any CPU
		{4EBBF6A4-D8A4-4AA4-8B14-1AD9E6DF6E91}.Release|x64.ActiveCfg = Release|Any CPU
		{4EBBF6A4-D8A4-4AA4-8B14-1AD9E6DF6E91}.Release|x64.Build.0 = Release|Any CPU
		{4EBBF6A4-D8A4-4AA4-8B14-1AD9E6DF6E91}.Release|x86.ActiveCfg = Release|Any CPU
		{4EBBF6A4-D8A4-4AA4-8B14-1AD9E6DF6E91}.Release|x86.Build.0 = Release|Any CPU
		{7A0C8D67-231C-48A4-B304-CD56F23A00E0}.Debug|Any CPU.ActiveCfg = Debug|Any CPU
		{7A0C8D67-231C-48A4-B304-CD56F23A00E0}.Debug|Any CPU.Build.0 = Debug|Any CPU
		{7A0C8D67-231C-48A4-B304-CD56F23A00E0}.Debug|x64.ActiveCfg = Debug|Any CPU
		{7A0C8D67-231C-48A4-B304-CD56F23A00E0}.Debug|x64.Build.0 = Debug|Any CPU
		{7A0C8D67-231C-48A4-B304-CD56F23A00E0}.Debug|x86.ActiveCfg = Debug|Any CPU
		{7A0C8D67-231C-48A4-B304-CD56F23A00E0}.Debug|x86.Build.0 = Debug|Any CPU
		{7A0C8D67-231C-48A4-B304-CD56F23A00E0}.Release|Any CPU.ActiveCfg = Release|Any CPU
		{7A0C8D67-231C-48A4-B304-CD56F23A00E0}.Release|Any CPU.Build.0 = Release|Any CPU
		{7A0C8D67-231C-48A4-B304-CD56F23A00E0}.Release|x64.ActiveCfg = Release|Any CPU
		{7A0C8D67-231C-48A4-B304-CD56F23A00E0}.Release|x64.Build.0 = Release|Any CPU
		{7A0C8D67-231C-48A4-B304-CD56F23A00E0}.Release|x86.ActiveCfg = Release|Any CPU
		{7A0C8D67-231C-48A4-B304-CD56F23A00E0}.Release|x86.Build.0 = Release|Any CPU
	EndGlobalSection
	GlobalSection(SolutionProperties) = preSolution
		HideSolutionNode = FALSE
	EndGlobalSection
	GlobalSection(ExtensibilityGlobals) = postSolution
		SolutionGuid = {E93A2146-4767-463B-82C2-C833FFF58632}
	EndGlobalSection
EndGlobal
